{
  "name": "mrmic-nvcl-mvp",
  "version": "0.12.0",
  "lockfileVersion": 3,
  "requires": true,
  "packages": {
    "": {
      "name": "mrmic-nvcl-mvp",
      "version": "0.12.0",
      "workspaces": [
        "apps/*",
        "packages/*"
      ],
      "dependencies": {
        "@resvg/resvg-js": "2.6.2"
      },
      "devDependencies": {
        "typescript": "^5.8.3"
      },
      "engines": {
        "node": ">=22.5.0"
      }
    },
    "apps/cli": {
      "name": "@mrmic/cli",
      "version": "0.12.0"
    },
    "apps/phase1-demo": {
      "name": "@mrmic/phase1-demo",
      "version": "0.12.0"
    },
    "apps/phase10-demo": {
      "name": "@mrmic/phase10-demo",
      "version": "0.12.0"
    },
    "apps/phase11-demo": {
      "name": "@mrmic/phase11-demo",
      "version": "0.12.0"
    },
    "apps/phase2-demo": {
      "name": "@mrmic/phase2-demo",
      "version": "0.12.0"
    },
    "apps/phase3-demo": {
      "name": "@mrmic/phase3-demo",
      "version": "0.12.0"
    },
    "apps/phase4-demo": {
      "name": "@mrmic/phase4-demo",
      "version": "0.12.0"
    },
    "apps/phase5-demo": {
      "name": "@mrmic/phase5-demo",
      "version": "0.12.0"
    },
    "apps/phase6-demo": {
      "name": "@mrmic/phase6-demo",
      "version": "0.12.0"
    },
    "apps/phase8-demo": {
      "name": "@mrmic/phase8-demo",
      "version": "0.12.0"
    },
    "apps/phase9-demo": {
      "name": "@mrmic/phase9-demo",
      "version": "0.12.0"
    },
    "apps/web": {
      "name": "@mrmic/web",
      "version": "0.12.0"
    },
    "node_modules/@mrmic/adapter-svg": {
      "resolved": "packages/adapter-svg",
      "link": true
    },
    "node_modules/@mrmic/canvas-adapter": {
      "resolved": "packages/canvas-adapter",
      "link": true
    },
    "node_modules/@mrmic/canvas-core": {
      "resolved": "packages/canvas-core",
      "link": true
    },
    "node_modules/@mrmic/canvas-schema": {
      "resolved": "packages/canvas-schema",
      "link": true
    },
    "node_modules/@mrmic/cli": {
      "resolved": "apps/cli",
      "link": true
    },
    "node_modules/@mrmic/event-ledger": {
      "resolved": "packages/event-ledger",
      "link": true
    },
    "node_modules/@mrmic/mcp-contract": {
      "resolved": "packages/mcp-contract",
      "link": true
    },
    "node_modules/@mrmic/mcp-reference-server": {
      "resolved": "packages/mcp-reference-server",
      "link": true
    },
    "node_modules/@mrmic/multimodal-agent-runtime": {
      "resolved": "packages/multimodal-agent-runtime",
      "link": true
    },
    "node_modules/@mrmic/multimodal-lab": {
      "resolved": "packages/multimodal-lab",
      "link": true
    },
    "node_modules/@mrmic/nvcl-runtime": {
      "resolved": "packages/nvcl-runtime",
      "link": true
    },
    "node_modules/@mrmic/phase1-demo": {
      "resolved": "apps/phase1-demo",
      "link": true
    },
    "node_modules/@mrmic/phase10-demo": {
      "resolved": "apps/phase10-demo",
      "link": true
    },
    "node_modules/@mrmic/phase11-demo": {
      "resolved": "apps/phase11-demo",
      "link": true
    },
    "node_modules/@mrmic/phase2-demo": {
      "resolved": "apps/phase2-demo",
      "link": true
    },
    "node_modules/@mrmic/phase3-demo": {
      "resolved": "apps/phase3-demo",
      "link": true
    },
    "node_modules/@mrmic/phase4-demo": {
      "resolved": "apps/phase4-demo",
      "link": true
    },
    "node_modules/@mrmic/phase5-demo": {
      "resolved": "apps/phase5-demo",
      "link": true
    },
    "node_modules/@mrmic/phase6-demo": {
      "resolved": "apps/phase6-demo",
      "link": true
    },
    "node_modules/@mrmic/phase8-demo": {
      "resolved": "apps/phase8-demo",
      "link": true
    },
    "node_modules/@mrmic/phase9-demo": {
      "resolved": "apps/phase9-demo",
      "link": true
    },
    "node_modules/@mrmic/provider-codex-account": {
      "resolved": "packages/provider-codex-account",
      "link": true
    },
    "node_modules/@mrmic/recursive-nvcl-runtime": {
      "resolved": "packages/recursive-nvcl-runtime",
      "link": true
    },
    "node_modules/@mrmic/state-vector-sync": {
      "resolved": "packages/state-vector-sync",
      "link": true
    },
    "node_modules/@mrmic/sync-ledger": {
      "resolved": "packages/sync-ledger",
      "link": true
    },
    "node_modules/@mrmic/sync-registry": {
      "resolved": "packages/sync-registry",
      "link": true
    },
    "node_modules/@mrmic/verifier": {
      "resolved": "packages/verifier",
      "link": true
    },
    "node_modules/@mrmic/web": {
      "resolved": "apps/web",
      "link": true
    },
    "node_modules/@mrmic/websocket-sync": {
      "resolved": "packages/websocket-sync",
      "link": true
    },
    "node_modules/@resvg/resvg-js": {
      "version": "2.6.2",
      "resolved": "https://registry.npmjs.org/@resvg/resvg-js/-/resvg-js-2.6.2.tgz",
      "integrity": "sha512-xBaJish5OeGmniDj9cW5PRa/PtmuVU3ziqrbr5xJj901ZDN4TosrVaNZpEiLZAxdfnhAe7uQ7QFWfjPe9d9K2Q==",
      "license": "MPL-2.0",
      "engines": {
        "node": ">= 10"
      },
      "optionalDependencies": {
        "@resvg/resvg-js-android-arm-eabi": "2.6.2",
        "@resvg/resvg-js-android-arm64": "2.6.2",
        "@resvg/resvg-js-darwin-arm64": "2.6.2",
        "@resvg/resvg-js-darwin-x64": "2.6.2",
        "@resvg/resvg-js-linux-arm-gnueabihf": "2.6.2",
        "@resvg/resvg-js-linux-arm64-gnu": "2.6.2",
        "@resvg/resvg-js-linux-arm64-musl": "2.6.2",
        "@resvg/resvg-js-linux-x64-gnu": "2.6.2",
        "@resvg/resvg-js-linux-x64-musl": "2.6.2",
        "@resvg/resvg-js-win32-arm64-msvc": "2.6.2",
        "@resvg/resvg-js-win32-ia32-msvc": "2.6.2",
        "@resvg/resvg-js-win32-x64-msvc": "2.6.2"
      }
    },
    "node_modules/@resvg/resvg-js-android-arm-eabi": {
      "version": "2.6.2",
      "resolved": "https://registry.npmjs.org/@resvg/resvg-js-android-arm-eabi/-/resvg-js-android-arm-eabi-2.6.2.tgz",
      "integrity": "sha512-FrJibrAk6v29eabIPgcTUMPXiEz8ssrAk7TXxsiZzww9UTQ1Z5KAbFJs+Z0Ez+VZTYgnE5IQJqBcoSiMebtPHA==",
      "cpu": [
        "arm"
      ],
      "license": "MPL-2.0",
      "optional": true,
      "os": [
        "android"
      ],
      "engines": {
        "node": ">= 10"
      }
    },
    "node_modules/@resvg/resvg-js-android-arm64": {
      "version": "2.6.2",
      "resolved": "https://registry.npmjs.org/@resvg/resvg-js-android-arm64/-/resvg-js-android-arm64-2.6.2.tgz",
      "integrity": "sha512-VcOKezEhm2VqzXpcIJoITuvUS/fcjIw5NA/w3tjzWyzmvoCdd+QXIqy3FBGulWdClvp4g+IfUemigrkLThSjAQ==",
      "cpu": [
        "arm64"
      ],
      "license": "MPL-2.0",
      "optional": true,
      "os": [
        "android"
      ],
      "engines": {
        "node": ">= 10"
      }
    },
    "node_modules/@resvg/resvg-js-darwin-arm64": {
      "version": "2.6.2",
      "resolved": "https://registry.npmjs.org/@resvg/resvg-js-darwin-arm64/-/resvg-js-darwin-arm64-2.6.2.tgz",
      "integrity": "sha512-nmok2LnAd6nLUKI16aEB9ydMC6Lidiiq2m1nEBDR1LaaP7FGs4AJ90qDraxX+CWlVuRlvNjyYJTNv8qFjtL9+A==",
      "cpu": [
        "arm64"
      ],
      "license": "MPL-2.0",
      "optional": true,
      "os": [
        "darwin"
      ],
      "engines": {
        "node": ">= 10"
      }
    },
    "node_modules/@resvg/resvg-js-darwin-x64": {
      "version": "2.6.2",
      "resolved": "https://registry.npmjs.org/@resvg/resvg-js-darwin-x64/-/resvg-js-darwin-x64-2.6.2.tgz",
      "integrity": "sha512-GInyZLjgWDfsVT6+SHxQVRwNzV0AuA1uqGsOAW+0th56J7Nh6bHHKXHBWzUrihxMetcFDmQMAX1tZ1fZDYSRsw==",
      "cpu": [
        "x64"
      ],
      "license": "MPL-2.0",
      "optional": true,
      "os": [
        "darwin"
      ],
      "engines": {
        "node": ">= 10"
      }
    },
    "node_modules/@resvg/resvg-js-linux-arm-gnueabihf": {
      "version": "2.6.2",
      "resolved": "https://registry.npmjs.org/@resvg/resvg-js-linux-arm-gnueabihf/-/resvg-js-linux-arm-gnueabihf-2.6.2.tgz",
      "integrity": "sha512-YIV3u/R9zJbpqTTNwTZM5/ocWetDKGsro0SWp70eGEM9eV2MerWyBRZnQIgzU3YBnSBQ1RcxRZvY/UxwESfZIw==",
      "cpu": [
        "arm"
      ],
      "license": "MPL-2.0",
      "optional": true,
      "os": [
        "linux"
      ],
      "engines": {
        "node": ">= 10"
      }
    },
    "node_modules/@resvg/resvg-js-linux-arm64-gnu": {
      "version": "2.6.2",
      "resolved": "https://registry.npmjs.org/@resvg/resvg-js-linux-arm64-gnu/-/resvg-js-linux-arm64-gnu-2.6.2.tgz",
      "integrity": "sha512-zc2BlJSim7YR4FZDQ8OUoJg5holYzdiYMeobb9pJuGDidGL9KZUv7SbiD4E8oZogtYY42UZEap7dqkkYuA91pg==",
      "cpu": [
        "arm64"
      ],
      "libc": [
        "glibc"
      ],
      "license": "MPL-2.0",
      "optional": true,
      "os": [
        "linux"
      ],
      "engines": {
        "node": ">= 10"
      }
    },
    "node_modules/@resvg/resvg-js-linux-arm64-musl": {
      "version": "2.6.2",
      "resolved": "https://registry.npmjs.org/@resvg/resvg-js-linux-arm64-musl/-/resvg-js-linux-arm64-musl-2.6.2.tgz",
      "integrity": "sha512-3h3dLPWNgSsD4lQBJPb4f+kvdOSJHa5PjTYVsWHxLUzH4IFTJUAnmuWpw4KqyQ3NA5QCyhw4TWgxk3jRkQxEKg==",
      "cpu": [
        "arm64"
      ],
      "libc": [
        "musl"
      ],
      "license": "MPL-2.0",
      "optional": true,
      "os": [
        "linux"
      ],
      "engines": {
        "node": ">= 10"
      }
    },
    "node_modules/@resvg/resvg-js-linux-x64-gnu": {
      "version": "2.6.2",
      "resolved": "https://registry.npmjs.org/@resvg/resvg-js-linux-x64-gnu/-/resvg-js-linux-x64-gnu-2.6.2.tgz",
      "integrity": "sha512-IVUe+ckIerA7xMZ50duAZzwf1U7khQe2E0QpUxu5MBJNao5RqC0zwV/Zm965vw6D3gGFUl7j4m+oJjubBVoftw==",
      "cpu": [
        "x64"
      ],
      "libc": [
        "glibc"
      ],
      "license": "MPL-2.0",
      "optional": true,
      "os": [
        "linux"
      ],
      "engines": {
        "node": ">= 10"
      }
    },
    "node_modules/@resvg/resvg-js-linux-x64-musl": {
      "version": "2.6.2",
      "resolved": "https://registry.npmjs.org/@resvg/resvg-js-linux-x64-musl/-/resvg-js-linux-x64-musl-2.6.2.tgz",
      "integrity": "sha512-UOf83vqTzoYQO9SZ0fPl2ZIFtNIz/Rr/y+7X8XRX1ZnBYsQ/tTb+cj9TE+KHOdmlTFBxhYzVkP2lRByCzqi4jQ==",
      "cpu": [
        "x64"
      ],
      "libc": [
        "musl"
      ],
      "license": "MPL-2.0",
      "optional": true,
      "os": [
        "linux"
      ],
      "engines": {
        "node": ">= 10"
      }
    },
    "node_modules/@resvg/resvg-js-win32-arm64-msvc": {
      "version": "2.6.2",
      "resolved": "https://registry.npmjs.org/@resvg/resvg-js-win32-arm64-msvc/-/resvg-js-win32-arm64-msvc-2.6.2.tgz",
      "integrity": "sha512-7C/RSgCa+7vqZ7qAbItfiaAWhyRSoD4l4BQAbVDqRRsRgY+S+hgS3in0Rxr7IorKUpGE69X48q6/nOAuTJQxeQ==",
      "cpu": [
        "arm64"
      ],
      "license": "MPL-2.0",
      "optional": true,
      "os": [
        "win32"
      ],
      "engines": {
        "node": ">= 10"
      }
    },
    "node_modules/@resvg/resvg-js-win32-ia32-msvc": {
      "version": "2.6.2",
      "resolved": "https://registry.npmjs.org/@resvg/resvg-js-win32-ia32-msvc/-/resvg-js-win32-ia32-msvc-2.6.2.tgz",
      "integrity": "sha512-har4aPAlvjnLcil40AC77YDIk6loMawuJwFINEM7n0pZviwMkMvjb2W5ZirsNOZY4aDbo5tLx0wNMREp5Brk+w==",
      "cpu": [
        "ia32"
      ],
      "license": "MPL-2.0",
      "optional": true,
      "os": [
        "win32"
      ],
      "engines": {
        "node": ">= 10"
      }
    },
    "node_modules/@resvg/resvg-js-win32-x64-msvc": {
      "version": "2.6.2",
      "resolved": "https://registry.npmjs.org/@resvg/resvg-js-win32-x64-msvc/-/resvg-js-win32-x64-msvc-2.6.2.tgz",
      "integrity": "sha512-ZXtYhtUr5SSaBrUDq7DiyjOFJqBVL/dOBN7N/qmi/pO0IgiWW/f/ue3nbvu9joWE5aAKDoIzy/CxsY0suwGosQ==",
      "cpu": [
        "x64"
      ],
      "license": "MPL-2.0",
      "optional": true,
      "os": [
        "win32"
      ],
      "engines": {
        "node": ">= 10"
      }
    },
    "node_modules/typescript": {
      "version": "5.9.3",
      "resolved": "https://registry.npmjs.org/typescript/-/typescript-5.9.3.tgz",
      "integrity": "sha512-jl1vZzPDinLr9eUt3J/t7V6FgNEw9QjvBPdysz9KfQDD41fQrC2Y4vKQdiaUpFT4bXlb1RHhLpp8wtm6M5TgSw==",
      "dev": true,
      "license": "Apache-2.0",
      "bin": {
        "tsc": "bin/tsc",
        "tsserver": "bin/tsserver"
      },
      "engines": {
        "node": ">=14.17"
      }
    },
    "packages/adapter-svg": {
      "name": "@mrmic/adapter-svg",
      "version": "0.12.0"
    },
    "packages/canvas-adapter": {
      "name": "@mrmic/canvas-adapter",
      "version": "0.12.0"
    },
    "packages/canvas-core": {
      "name": "@mrmic/canvas-core",
      "version": "0.12.0"
    },
    "packages/canvas-schema": {
      "name": "@mrmic/canvas-schema",
      "version": "0.12.0"
    },
    "packages/event-ledger": {
      "name": "@mrmic/event-ledger",
      "version": "0.12.0"
    },
    "packages/mcp-contract": {
      "name": "@mrmic/mcp-contract",
      "version": "0.12.0"
    },
    "packages/mcp-reference-server": {
      "name": "@mrmic/mcp-reference-server",
      "version": "0.12.0"
    },
    "packages/multimodal-agent-runtime": {
      "name": "@mrmic/multimodal-agent-runtime",
      "version": "0.12.0"
    },
    "packages/multimodal-lab": {
      "name": "@mrmic/multimodal-lab",
      "version": "0.12.0"
    },
    "packages/nvcl-runtime": {
      "name": "@mrmic/nvcl-runtime",
      "version": "0.12.0"
    },
    "packages/provider-codex-account": {
      "name": "@mrmic/provider-codex-account",
      "version": "0.12.0"
    },
    "packages/recursive-nvcl-runtime": {
      "name": "@mrmic/recursive-nvcl-runtime",
      "version": "0.12.0"
    },
    "packages/state-vector-sync": {
      "name": "@mrmic/state-vector-sync",
      "version": "0.12.0"
    },
    "packages/sync-ledger": {
      "name": "@mrmic/sync-ledger",
      "version": "0.12.0"
    },
    "packages/sync-registry": {
      "name": "@mrmic/sync-registry",
      "version": "0.12.0"
    },
    "packages/verifier": {
      "name": "@mrmic/verifier",
      "version": "0.12.0"
    },
    "packages/websocket-sync": {
      "name": "@mrmic/websocket-sync",
      "version": "0.12.0"
    }
  }
}
